
Microsoft Visual Studio Solution File, Format Version 12.00
# Visual Studio 15
VisualStudioVersion = 15.0.27004.2010
MinimumVisualStudioVersion = 10.0.40219.1
Project("{8BC9CEB8-8B4A-11D0-8D11-00A0C91BC942}") = "Chapter1", "Chapter1\Chapter1.vcxproj", "{9D7B0B1E-A7F1-46EC-ACA3-BB15D9E7EA93}"
EndProject
Global
	GlobalSection(SolutionConfigurationPlatforms) = preSolution
		Debug|x64 = Debug|x64
		Debug|x86 = Debug|x86
		Release|x64 = Release|x64
		Release|x86 = Release|x86
	EndGlobalSection
	GlobalSection(ProjectConfigurationPlatforms) = postSolution
		{9D7B0B1E-A7F1-46EC-ACA3-BB15D9E7EA93}.Debug|x64.ActiveCfg = Debug|x64
		{9D7B0B1E-A7F1-46EC-ACA3-BB15D9E7EA93}.Debug|x64.Build.0 = Debug|x64
		{9D7B0B1E-A7F1-46EC-ACA3-BB15D9E7EA93}.Debug|x86.ActiveCfg = Debug|Win32
		{9D7B0B1E-A7F1-46EC-ACA3-BB15D9E7EA93}.Debug|x86.Build.0 = Debug|Win32
		{9D7B0B1E-A7F1-46EC-ACA3-BB15D9E7EA93}.Release|x64.ActiveCfg = Release|x64
		{9D7B0B1E-A7F1-46EC-ACA3-BB15D9E7EA93}.Release|x64.Build.0 = Release|x64
		{9D7B0B1E-A7F1-46EC-ACA3-BB15D9E7EA93}.Release|x86.ActiveCfg = Release|Win32
		{9D7B0B1E-A7F1-46EC-ACA3-BB15D9E7EA93}.Release|x86.Build.0 = Release|Win32
	EndGlobalSection
	GlobalSection(SolutionProperties) = preSolution
		HideSolutionNode = FALSE
	EndGlobalSection
	GlobalSection(ExtensibilityGlobals) = postSolution
		SolutionGuid = {439D6CAF-6BDC-4125-B71C-088D0AD1768C}
	EndGlobalSection
EndGlobal
